
Microsoft Visual Studio Solution File, Format Version 12.00
# Visual Studio 15
VisualStudioVersion = 15.0.27130.2036
MinimumVisualStudioVersion = 10.0.40219.1
Project("{FAE04EC0-301F-11D3-BF4B-00C04F79EFBC}") = "MyShop.Core", "MyShop.Core\MyShop.Core.csproj", "{1493B7E4-6BD1-4684-9F68-0CB83F01A14C}"
EndProject
Project("{FAE04EC0-301F-11D3-BF4B-00C04F79EFBC}") = "MyShop.DataAccess.SQL", "MyShop.DataAccess.SQL\MyShop.DataAccess.SQL.csproj", "{7F4BE9E2-1DD2-4160-B789-8595A1E49184}"
EndProject
Project("{FAE04EC0-301F-11D3-BF4B-00C04F79EFBC}") = "MyShop.DataAccess.InMemory", "MyShop.DataAccess.InMemory\MyShop.DataAccess.InMemory.csproj", "{7506327F-8D31-42EF-A580-1C4A5D7430DB}"
EndProject
Project("{FAE04EC0-301F-11D3-BF4B-00C04F79EFBC}") = "MyShop.Services", "MyShop.Services\MyShop.Services.csproj", "{24DAA365-5509-4DF3-9A83-258462F58E09}"
EndProject
Project("{FAE04EC0-301F-11D3-BF4B-00C04F79EFBC}") = "MyShop.WebUI", "MyShop.WebUI\MyShop.WebUI.csproj", "{411B6040-33E2-4A6C-BA53-C8BFAE57B620}"
EndProject
Project("{FAE04EC0-301F-11D3-BF4B-00C04F79EFBC}") = "MyShop.WebUI.Tests", "MyShop.WebUI.Tests\MyShop.WebUI.Tests.csproj", "{7A6756A0-3516-4E89-95C2-F89383F730D8}"
EndProject
Global
	GlobalSection(SolutionConfigurationPlatforms) = preSolution
		Debug|Any CPU = Debug|Any CPU
		Release|Any CPU = Release|Any CPU
	EndGlobalSection
	GlobalSection(ProjectConfigurationPlatforms) = postSolution
		{1493B7E4-6BD1-4684-9F68-0CB83F01A14C}.Debug|Any CPU.ActiveCfg = Debug|Any CPU
		{1493B7E4-6BD1-4684-9F68-0CB83F01A14C}.Debug|Any CPU.Build.0 = Debug|Any CPU
		{1493B7E4-6BD1-4684-9F68-0CB83F01A14C}.Release|Any CPU.ActiveCfg = Release|Any CPU
		{1493B7E4-6BD1-4684-9F68-0CB83F01A14C}.Release|Any CPU.Build.0 = Release|Any CPU
		{7F4BE9E2-1DD2-4160-B789-8595A1E49184}.Debug|Any CPU.ActiveCfg = Debug|Any CPU
		{7F4BE9E2-1DD2-4160-B789-8595A1E49184}.Debug|Any CPU.Build.0 = Debug|Any CPU
		{7F4BE9E2-1DD2-4160-B789-8595A1E49184}.Release|Any CPU.ActiveCfg = Release|Any CPU
		{7F4BE9E2-1DD2-4160-B789-8595A1E49184}.Release|Any CPU.Build.0 = Release|Any CPU
		{7506327F-8D31-42EF-A580-1C4A5D7430DB}.Debug|Any CPU.ActiveCfg = Debug|Any CPU
		{7506327F-8D31-42EF-A580-1C4A5D7430DB}.Debug|Any CPU.Build.0 = Debug|Any CPU
		{7506327F-8D31-42EF-A580-1C4A5D7430DB}.Release|Any CPU.ActiveCfg = Release|Any CPU
		{7506327F-8D31-42EF-A580-1C4A5D7430DB}.Release|Any CPU.Build.0 = Release|Any CPU
		{24DAA365-5509-4DF3-9A83-258462F58E09}.Debug|Any CPU.ActiveCfg = Debug|Any CPU
		{24DAA365-5509-4DF3-9A83-258462F58E09}.Debug|Any CPU.Build.0 = Debug|Any CPU
		{24DAA365-5509-4DF3-9A83-258462F58E09}.Release|Any CPU.ActiveCfg = Release|Any CPU
		{24DAA365-5509-4DF3-9A83-258462F58E09}.Release|Any CPU.Build.0 = Release|Any CPU
		{411B6040-33E2-4A6C-BA53-C8BFAE57B620}.Debug|Any CPU.ActiveCfg = Debug|Any CPU
		{411B6040-33E2-4A6C-BA53-C8BFAE57B620}.Debug|Any CPU.Build.0 = Debug|Any CPU
		{411B6040-33E2-4A6C-BA53-C8BFAE57B620}.Release|Any CPU.ActiveCfg = Release|Any CPU
		{411B6040-33E2-4A6C-BA53-C8BFAE57B620}.Release|Any CPU.Build.0 = Release|Any CPU
		{7A6756A0-3516-4E89-95C2-F89383F730D8}.Debug|Any CPU.ActiveCfg = Debug|Any CPU
		{7A6756A0-3516-4E89-95C2-F89383F730D8}.Debug|Any CPU.Build.0 = Debug|Any CPU
		{7A6756A0-3516-4E89-95C2-F89383F730D8}.Release|Any CPU.ActiveCfg = Release|Any CPU
		{7A6756A0-3516-4E89-95C2-F89383F730D8}.Release|Any CPU.Build.0 = Release|Any CPU
	EndGlobalSection
	GlobalSection(SolutionProperties) = preSolution
		HideSolutionNode = FALSE
	EndGlobalSection
	GlobalSection(ExtensibilityGlobals) = postSolution
		SolutionGuid = {296241E1-64B3-4CEC-A497-8283DF0D73CB}
	EndGlobalSection
EndGlobal
